// !$*UTF8*$!
{
	archiveVersion = 1;
	classes = {
	};
	objectVersion = 48;
	objects = {

/* Begin PBXBuildFile section */
		F2F316A51F9637D5006F3A6B /* AppDelegate.swift in Sources */ = {isa = PBXBuildFile; fileRef = F2F316A41F9637D5006F3A6B /* AppDelegate.swift */; };
		F2F316A71F9637D5006F3A6B /* art.scnassets in Resources */ = {isa = PBXBuildFile; fileRef = F2F316A61F9637D5006F3A6B /* art.scnassets */; };
		F2F316A91F9637D5006F3A6B /* ViewController.swift in Sources */ = {isa = PBXBuildFile; fileRef = F2F316A81F9637D5006F3A6B /* ViewController.swift */; };
		F2F316AC1F9637D5006F3A6B /* Main.storyboard in Resources */ = {isa = PBXBuildFile; fileRef = F2F316AA1F9637D5006F3A6B /* Main.storyboard */; };
		F2F316AE1F9637D5006F3A6B /* Assets.xcassets in Resources */ = {isa = PBXBuildFile; fileRef = F2F316AD1F9637D5006F3A6B /* Assets.xcassets */; };
		F2F316B11F9637D5006F3A6B /* LaunchScreen.storyboard in Resources */ = {isa = PBXBuildFile; fileRef = F2F316AF1F9637D5006F3A6B /* LaunchScreen.storyboard */; };
/* End PBXBuildFile section */

/* Begin PBXFileReference section */
		F2F316A11F9637D5006F3A6B /* obeseMan.app */ = {isa = PBXFileReference; explicitFileType = wrapper.application; includeInIndex = 0; path = obeseMan.app; sourceTree = BUILT_PRODUCTS_DIR; };
		F2F316A41F9637D5006F3A6B /* AppDelegate.swift */ = {isa = PBXFileReference; lastKnownFileType = sourcecode.swift; path = AppDelegate.swift; sourceTree = "<group>"; };
		F2F316A61F9637D5006F3A6B /* art.scnassets */ = {isa = PBXFileReference; lastKnownFileType = wrapper.scnassets; path = art.scnassets; sourceTree = "<group>"; };
		F2F316A81F9637D5006F3A6B /* ViewController.swift */ = {isa = PBXFileReference; lastKnownFileType = sourcecode.swift; path = ViewController.swift; sourceTree = "<group>"; };
		F2F316AB1F9637D5006F3A6B /* Base */ = {isa = PBXFileReference; lastKnownFileType = file.storyboard; name = Base; path = Base.lproj/Main.storyboard; sourceTree = "<group>"; };
		F2F316AD1F9637D5006F3A6B /* Assets.xcassets */ = {isa = PBXFileReference; lastKnownFileType = folder.assetcatalog; path = Assets.xcassets; sourceTree = "<group>"; };
		F2F316B01F9637D5006F3A6B /* Base */ = {isa = PBXFileReference; lastKnownFileType = file.storyboard; name = Base; path = Base.lproj/LaunchScreen.storyboard; sourceTree = "<group>"; };
		F2F316B21F9637D6006F3A6B /* Info.plist */ = {isa = PBXFileReference; lastKnownFileType = text.plist.xml; path = Info.plist; sourceTree = "<group>"; };
/* End PBXFileReference section */

/* Begin PBXFrameworksBuildPhase section */
		F2F3169E1F9637D5006F3A6B /* Frameworks */ = {
			isa = PBXFrameworksBuildPhase;
			buildActionMask = 2147483647;
			files = (
			);
			runOnlyForDeploymentPostprocessing = 0;
		};
/* End PBXFrameworksBuildPhase section */

/* Begin PBXGroup section */
		F2F316981F9637D5006F3A6B = {
			isa = PBXGroup;
			children = (
				F2F316A31F9637D5006F3A6B /* obeseMan */,
				F2F316A21F9637D5006F3A6B /* Products */,
			);
			sourceTree = "<group>";
		};
		F2F316A21F9637D5006F3A6B /* Products */ = {
			isa = PBXGroup;
			children = (
				F2F316A11F9637D5006F3A6B /* obeseMan.app */,
			);
			name = Products;
			sourceTree = "<group>";
		};
		F2F316A31F9637D5006F3A6B /* obeseMan */ = {
			isa = PBXGroup;
			children = (
				F2F316A41F9637D5006F3A6B /* AppDelegate.swift */,
				F2F316A61F9637D5006F3A6B /* art.scnassets */,
				F2F316A81F9637D5006F3A6B /* ViewController.swift */,
				F2F316AA1F9637D5006F3A6B /* Main.storyboard */,
				F2F316AD1F9637D5006F3A6B /* Assets.xcassets */,
				F2F316AF1F9637D5006F3A6B /* LaunchScreen.storyboard */,
				F2F316B21F9637D6006F3A6B /* Info.plist */,
			);
			path = obeseMan;
			sourceTree = "<group>";
		};
/* End PBXGroup section */

/* Begin PBXNativeTarget section */
		F2F316A01F9637D5006F3A6B /* obeseMan */ = {
			isa = PBXNativeTarget;
			buildConfigurationList = F2F316B51F9637D6006F3A6B /* Build configuration list for PBXNativeTarget "obeseMan" */;
			buildPhases = (
				F2F3169D1F9637D5006F3A6B /* Sources */,
				F2F3169E1F9637D5006F3A6B /* Frameworks */,
				F2F3169F1F9637D5006F3A6B /* Resources */,
			);
			buildRules = (
			);
			dependencies = (
			);
			name = obeseMan;
			productName = obeseMan;
			productReference = F2F316A11F9637D5006F3A6B /* obeseMan.app */;
			productType = "com.apple.product-type.application";
		};
/* End PBXNativeTarget section */

/* Begin PBXProject section */
		F2F316991F9637D5006F3A6B /* Project object */ = {
			isa = PBXProject;
			attributes = {
				LastSwiftUpdateCheck = 0900;
				LastUpgradeCheck = 0900;
				ORGANIZATIONNAME = "Syed ShahRukh Haider";
				TargetAttributes = {
					F2F316A01F9637D5006F3A6B = {
						CreatedOnToolsVersion = 9.0;
						ProvisioningStyle = Automatic;
					};
				};
			};
			buildConfigurationList = F2F3169C1F9637D5006F3A6B /* Build configuration list for PBXProject "obeseMan" */;
			compatibilityVersion = "Xcode 8.0";
			developmentRegion = en;
			hasScannedForEncodings = 0;
			knownRegions = (
				en,
				Base,
			);
			mainGroup = F2F316981F9637D5006F3A6B;
			productRefGroup = F2F316A21F9637D5006F3A6B /* Products */;
			projectDirPath = "";
			projectRoot = "";
			targets = (
				F2F316A01F9637D5006F3A6B /* obeseMan */,
			);
		};
/* End PBXProject section */

/* Begin PBXResourcesBuildPhase section */
		F2F3169F1F9637D5006F3A6B /* Resources */ = {
			isa = PBXResourcesBuildPhase;
			buildActionMask = 2147483647;
			files = (
				F2F316A71F9637D5006F3A6B /* art.scnassets in Resources */,
				F2F316B11F9637D5006F3A6B /* LaunchScreen.storyboard in Resources */,
				F2F316AE1F9637D5006F3A6B /* Assets.xcassets in Resources */,
				F2F316AC1F9637D5006F3A6B /* Main.storyboard in Resources */,
			);
			runOnlyForDeploymentPostprocessing = 0;
		};
/* End PBXResourcesBuildPhase section */

/* Begin PBXSourcesBuildPhase section */
		F2F3169D1F9637D5006F3A6B /* Sources */ = {
			isa = PBXSourcesBuildPhase;
			buildActionMask = 2147483647;
			files = (
				F2F316A91F9637D5006F3A6B /* ViewController.swift in Sources */,
				F2F316A51F9637D5006F3A6B /* AppDelegate.swift in Sources */,
			);
			runOnlyForDeploymentPostprocessing = 0;
		};
/* End PBXSourcesBuildPhase section */

/* Begin PBXVariantGroup section */
		F2F316AA1F9637D5006F3A6B /* Main.storyboard */ = {
			isa = PBXVariantGroup;
			children = (
				F2F316AB1F9637D5006F3A6B /* Base */,
			);
			name = Main.storyboard;
			sourceTree = "<group>";
		};
		F2F316AF1F9637D5006F3A6B /* LaunchScreen.storyboard */ = {
			isa = PBXVariantGroup;
			children = (
				F2F316B01F9637D5006F3A6B /* Base */,
			);
			name = LaunchScreen.storyboard;
			sourceTree = "<group>";
		};
/* End PBXVariantGroup section */

/* Begin XCBuildConfiguration section */
		F2F316B31F9637D6006F3A6B /* Debug */ = {
			isa = XCBuildConfiguration;
			buildSettings = {
				ALWAYS_SEARCH_USER_PATHS = NO;
				CLANG_ANALYZER_NONNULL = YES;
				CLANG_ANALYZER_NUMBER_OBJECT_CONVERSION = YES_AGGRESSIVE;
				CLANG_CXX_LANGUAGE_STANDARD = "gnu++14";
				CLANG_CXX_LIBRARY = "libc++";
				CLANG_ENABLE_MODULES = YES;
				CLANG_ENABLE_OBJC_ARC = YES;
				CLANG_WARN_BLOCK_CAPTURE_AUTORELEASING = YES;
				CLANG_WARN_BOOL_CONVERSION = YES;
				CLANG_WARN_COMMA = YES;
				CLANG_WARN_CONSTANT_CONVERSION = YES;
				CLANG_WARN_DIRECT_OBJC_ISA_USAGE = YES_ERROR;
				CLANG_WARN_DOCUMENTATION_COMMENTS = YES;
				CLANG_WARN_EMPTY_BODY = YES;
				CLANG_WARN_ENUM_CONVERSION = YES;
				CLANG_WARN_INFINITE_RECURSION = YES;
				CLANG_WARN_INT_CONVERSION = YES;
				CLANG_WARN_NON_LITERAL_NULL_CONVERSION = YES;
				CLANG_WARN_OBJC_LITERAL_CONVERSION = YES;
				CLANG_WARN_OBJC_ROOT_CLASS = YES_ERROR;
				CLANG_WARN_RANGE_LOOP_ANALYSIS = YES;
				CLANG_WARN_STRICT_PROTOTYPES = YES;
				CLANG_WARN_SUSPICIOUS_MOVE = YES;
				CLANG_WARN_UNGUARDED_AVAILABILITY = YES_AGGRESSIVE;
				CLANG_WARN_UNREACHABLE_CODE = YES;
				CLANG_WARN__DUPLICATE_METHOD_MATCH = YES;
				CODE_SIGN_IDENTITY = "iPhone Developer";
				COPY_PHASE_STRIP = NO;
				DEBUG_INFORMATION_FORMAT = dwarf;
				ENABLE_STRICT_OBJC_MSGSEND = YES;
				ENABLE_TESTABILITY = YES;
				GCC_C_LANGUAGE_STANDARD = gnu11;
				GCC_DYNAMIC_NO_PIC = NO;
				GCC_NO_COMMON_BLOCKS = YES;
				GCC_OPTIMIZATION_LEVEL = 0;
				GCC_PREPROCESSOR_DEFINITIONS = (
					"DEBUG=1",
					"$(inherited)",
				);
				GCC_WARN_64_TO_32_BIT_CONVERSION = YES;
				GCC_WARN_ABOUT_RETURN_TYPE = YES_ERROR;
				GCC_WARN_UNDECLARED_SELECTOR = YES;
				GCC_WARN_UNINITIALIZED_AUTOS = YES_AGGRESSIVE;
				GCC_WARN_UNUSED_FUNCTION = YES;
				GCC_WARN_UNUSED_VARIABLE = YES;
				IPHONEOS_DEPLOYMENT_TARGET = 11.0;
				MTL_ENABLE_DEBUG_INFO = YES;
				ONLY_ACTIVE_ARCH = YES;
				SDKROOT = iphoneos;
				SWIFT_ACTIVE_COMPILATION_CONDITIONS = DEBUG;
				SWIFT_OPTIMIZATION_LEVEL = "-Onone";
			};
			name = Debug;
		};
		F2F316B41F9637D6006F3A6B /* Release */ = {
			isa = XCBuildConfiguration;
			buildSettings = {
				ALWAYS_SEARCH_USER_PATHS = NO;
				CLANG_ANALYZER_NONNULL = YES;
				CLANG_ANALYZER_NUMBER_OBJECT_CONVERSION = YES_AGGRESSIVE;
				CLANG_CXX_LANGUAGE_STANDARD = "gnu++14";
				CLANG_CXX_LIBRARY = "libc++";
				CLANG_ENABLE_MODULES = YES;
				CLANG_ENABLE_OBJC_ARC = YES;
				CLANG_WARN_BLOCK_CAPTURE_AUTORELEASING = YES;
				CLANG_WARN_BOOL_CONVERSION = YES;
				CLANG_WARN_COMMA = YES;
				CLANG_WARN_CONSTANT_CONVERSION = YES;
				CLANG_WARN_DIRECT_OBJC_ISA_USAGE = YES_ERROR;
				CLANG_WARN_DOCUMENTATION_COMMENTS = YES;
				CLANG_WARN_EMPTY_BODY = YES;
				CLANG_WARN_ENUM_CONVERSION = YES;
				CLANG_WARN_INFINITE_RECURSION = YES;
				CLANG_WARN_INT_CONVERSION = YES;
				CLANG_WARN_NON_LITERAL_NULL_CONVERSION = YES;
				CLANG_WARN_OBJC_LITERAL_CONVERSION = YES;
				CLANG_WARN_OBJC_ROOT_CLASS = YES_ERROR;
				CLANG_WARN_RANGE_LOOP_ANALYSIS = YES;
				CLANG_WARN_STRICT_PROTOTYPES = YES;
				CLANG_WARN_SUSPICIOUS_MOVE = YES;
				CLANG_WARN_UNGUARDED_AVAILABILITY = YES_AGGRESSIVE;
				CLANG_WARN_UNREACHABLE_CODE = YES;
				CLANG_WARN__DUPLICATE_METHOD_MATCH = YES;
				CODE_SIGN_IDENTITY = "iPhone Developer";
				COPY_PHASE_STRIP = NO;
				DEBUG_INFORMATION_FORMAT = "dwarf-with-dsym";
				ENABLE_NS_ASSERTIONS = NO;
				ENABLE_STRICT_OBJC_MSGSEND = YES;
				GCC_C_LANGUAGE_STANDARD = gnu11;
				GCC_NO_COMMON_BLOCKS = YES;
				GCC_WARN_64_TO_32_BIT_CONVERSION = YES;
				GCC_WARN_ABOUT_RETURN_TYPE = YES_ERROR;
				GCC_WARN_UNDECLARED_SELECTOR = YES;
				GCC_WARN_UNINITIALIZED_AUTOS = YES_AGGRESSIVE;
				GCC_WARN_UNUSED_FUNCTION = YES;
				GCC_WARN_UNUSED_VARIABLE = YES;
				IPHONEOS_DEPLOYMENT_TARGET = 11.0;
				MTL_ENABLE_DEBUG_INFO = NO;
				SDKROOT = iphoneos;
				SWIFT_OPTIMIZATION_LEVEL = "-Owholemodule";
				VALIDATE_PRODUCT = YES;
			};
			name = Release;
		};
		F2F316B61F9637D6006F3A6B /* Debug */ = {
			isa = XCBuildConfiguration;
			buildSettings = {
				ASSETCATALOG_COMPILER_APPICON_NAME = AppIcon;
				CODE_SIGN_STYLE = Automatic;
				DEVELOPMENT_TEAM = SUBZ24DP5B;
				INFOPLIST_FILE = obeseMan/Info.plist;
				LD_RUNPATH_SEARCH_PATHS = "$(inherited) @executable_path/Frameworks";
				PRODUCT_BUNDLE_IDENTIFIER = com.perception.obeseMan;
				PRODUCT_NAME = "$(TARGET_NAME)";
				SWIFT_VERSION = 4.0;
				TARGETED_DEVICE_FAMILY = "1,2";
			};
			name = Debug;
		};
		F2F316B71F9637D6006F3A6B /* Release */ = {
			isa = XCBuildConfiguration;
			buildSettings = {
				ASSETCATALOG_COMPILER_APPICON_NAME = AppIcon;
				CODE_SIGN_STYLE = Automatic;
				DEVELOPMENT_TEAM = SUBZ24DP5B;
				INFOPLIST_FILE = obeseMan/Info.plist;
				LD_RUNPATH_SEARCH_PATHS = "$(inherited) @executable_path/Frameworks";
				PRODUCT_BUNDLE_IDENTIFIER = com.perception.obeseMan;
				PRODUCT_NAME = "$(TARGET_NAME)";
				SWIFT_VERSION = 4.0;
				TARGETED_DEVICE_FAMILY = "1,2";
			};
			name = Release;
		};
/* End XCBuildConfiguration section */

/* Begin XCConfigurationList section */
		F2F3169C1F9637D5006F3A6B /* Build configuration list for PBXProject "obeseMan" */ = {
			isa = XCConfigurationList;
			buildConfigurations = (
				F2F316B31F9637D6006F3A6B /* Debug */,
				F2F316B41F9637D6006F3A6B /* Release */,
			);
			defaultConfigurationIsVisible = 0;
			defaultConfigurationName = Release;
		};
		F2F316B51F9637D6006F3A6B /* Build configuration list for PBXNativeTarget "obeseMan" */ = {
			isa = XCConfigurationList;
			buildConfigurations = (
				F2F316B61F9637D6006F3A6B /* Debug */,
				F2F316B71F9637D6006F3A6B /* Release */,
			);
			defaultConfigurationIsVisible = 0;
			defaultConfigurationName = Release;
		};
/* End XCConfigurationList section */
	};
	rootObject = F2F316991F9637D5006F3A6B /* Project object */;
}
