// !$*UTF8*$!
{
	archiveVersion = 1;
	classes = {
	};
	objectVersion = 48;
	objects = {

/* Begin PBXBuildFile section */
		F25857791F8E49240003A056 /* AppDelegate.swift in Sources */ = {isa = PBXBuildFile; fileRef = F25857781F8E49240003A056 /* AppDelegate.swift */; };
		F258577B1F8E49240003A056 /* art.scnassets in Resources */ = {isa = PBXBuildFile; fileRef = F258577A1F8E49240003A056 /* art.scnassets */; };
		F25857801F8E49240003A056 /* Main.storyboard in Resources */ = {isa = PBXBuildFile; fileRef = F258577E1F8E49240003A056 /* Main.storyboard */; };
		F25857821F8E49240003A056 /* Assets.xcassets in Resources */ = {isa = PBXBuildFile; fileRef = F25857811F8E49240003A056 /* Assets.xcassets */; };
		F25857851F8E49240003A056 /* LaunchScreen.storyboard in Resources */ = {isa = PBXBuildFile; fileRef = F25857831F8E49240003A056 /* LaunchScreen.storyboard */; };
		F2C5EC011F8E786C00729E02 /* overlayPlane.swift in Sources */ = {isa = PBXBuildFile; fileRef = F2C5EC001F8E786C00729E02 /* overlayPlane.swift */; };
		F2C5EC051F8E816200729E02 /* ARViewController.swift in Sources */ = {isa = PBXBuildFile; fileRef = F2C5EC041F8E816200729E02 /* ARViewController.swift */; };
/* End PBXBuildFile section */

/* Begin PBXFileReference section */
		F25857751F8E49240003A056 /* place3dobject.app */ = {isa = PBXFileReference; explicitFileType = wrapper.application; includeInIndex = 0; path = place3dobject.app; sourceTree = BUILT_PRODUCTS_DIR; };
		F25857781F8E49240003A056 /* AppDelegate.swift */ = {isa = PBXFileReference; lastKnownFileType = sourcecode.swift; path = AppDelegate.swift; sourceTree = "<group>"; };
		F258577A1F8E49240003A056 /* art.scnassets */ = {isa = PBXFileReference; lastKnownFileType = wrapper.scnassets; path = art.scnassets; sourceTree = "<group>"; };
		F258577F1F8E49240003A056 /* Base */ = {isa = PBXFileReference; lastKnownFileType = file.storyboard; name = Base; path = Base.lproj/Main.storyboard; sourceTree = "<group>"; };
		F25857811F8E49240003A056 /* Assets.xcassets */ = {isa = PBXFileReference; lastKnownFileType = folder.assetcatalog; path = Assets.xcassets; sourceTree = "<group>"; };
		F25857841F8E49240003A056 /* Base */ = {isa = PBXFileReference; lastKnownFileType = file.storyboard; name = Base; path = Base.lproj/LaunchScreen.storyboard; sourceTree = "<group>"; };
		F25857861F8E49240003A056 /* Info.plist */ = {isa = PBXFileReference; lastKnownFileType = text.plist.xml; path = Info.plist; sourceTree = "<group>"; };
		F2C5EC001F8E786C00729E02 /* overlayPlane.swift */ = {isa = PBXFileReference; lastKnownFileType = sourcecode.swift; path = overlayPlane.swift; sourceTree = "<group>"; };
		F2C5EC041F8E816200729E02 /* ARViewController.swift */ = {isa = PBXFileReference; lastKnownFileType = sourcecode.swift; path = ARViewController.swift; sourceTree = "<group>"; };
/* End PBXFileReference section */

/* Begin PBXFrameworksBuildPhase section */
		F25857721F8E49240003A056 /* Frameworks */ = {
			isa = PBXFrameworksBuildPhase;
			buildActionMask = 2147483647;
			files = (
			);
			runOnlyForDeploymentPostprocessing = 0;
		};
/* End PBXFrameworksBuildPhase section */

/* Begin PBXGroup section */
		F258576C1F8E49240003A056 = {
			isa = PBXGroup;
			children = (
				F25857771F8E49240003A056 /* place3dobject */,
				F25857761F8E49240003A056 /* Products */,
			);
			sourceTree = "<group>";
		};
		F25857761F8E49240003A056 /* Products */ = {
			isa = PBXGroup;
			children = (
				F25857751F8E49240003A056 /* place3dobject.app */,
			);
			name = Products;
			sourceTree = "<group>";
		};
		F25857771F8E49240003A056 /* place3dobject */ = {
			isa = PBXGroup;
			children = (
				F25857781F8E49240003A056 /* AppDelegate.swift */,
				F258577A1F8E49240003A056 /* art.scnassets */,
				F2C5EC001F8E786C00729E02 /* overlayPlane.swift */,
				F2C5EC041F8E816200729E02 /* ARViewController.swift */,
				F258577E1F8E49240003A056 /* Main.storyboard */,
				F25857811F8E49240003A056 /* Assets.xcassets */,
				F25857831F8E49240003A056 /* LaunchScreen.storyboard */,
				F25857861F8E49240003A056 /* Info.plist */,
			);
			path = place3dobject;
			sourceTree = "<group>";
		};
/* End PBXGroup section */

/* Begin PBXNativeTarget section */
		F25857741F8E49240003A056 /* place3dobject */ = {
			isa = PBXNativeTarget;
			buildConfigurationList = F25857891F8E49240003A056 /* Build configuration list for PBXNativeTarget "place3dobject" */;
			buildPhases = (
				F25857711F8E49240003A056 /* Sources */,
				F25857721F8E49240003A056 /* Frameworks */,
				F25857731F8E49240003A056 /* Resources */,
			);
			buildRules = (
			);
			dependencies = (
			);
			name = place3dobject;
			productName = place3dobject;
			productReference = F25857751F8E49240003A056 /* place3dobject.app */;
			productType = "com.apple.product-type.application";
		};
/* End PBXNativeTarget section */

/* Begin PBXProject section */
		F258576D1F8E49240003A056 /* Project object */ = {
			isa = PBXProject;
			attributes = {
				LastSwiftUpdateCheck = 0900;
				LastUpgradeCheck = 0900;
				ORGANIZATIONNAME = "Syed ShahRukh Haider";
				TargetAttributes = {
					F25857741F8E49240003A056 = {
						CreatedOnToolsVersion = 9.0;
						ProvisioningStyle = Automatic;
					};
				};
			};
			buildConfigurationList = F25857701F8E49240003A056 /* Build configuration list for PBXProject "place3dobject" */;
			compatibilityVersion = "Xcode 8.0";
			developmentRegion = en;
			hasScannedForEncodings = 0;
			knownRegions = (
				en,
				Base,
			);
			mainGroup = F258576C1F8E49240003A056;
			productRefGroup = F25857761F8E49240003A056 /* Products */;
			projectDirPath = "";
			projectRoot = "";
			targets = (
				F25857741F8E49240003A056 /* place3dobject */,
			);
		};
/* End PBXProject section */

/* Begin PBXResourcesBuildPhase section */
		F25857731F8E49240003A056 /* Resources */ = {
			isa = PBXResourcesBuildPhase;
			buildActionMask = 2147483647;
			files = (
				F258577B1F8E49240003A056 /* art.scnassets in Resources */,
				F25857851F8E49240003A056 /* LaunchScreen.storyboard in Resources */,
				F25857821F8E49240003A056 /* Assets.xcassets in Resources */,
				F25857801F8E49240003A056 /* Main.storyboard in Resources */,
			);
			runOnlyForDeploymentPostprocessing = 0;
		};
/* End PBXResourcesBuildPhase section */

/* Begin PBXSourcesBuildPhase section */
		F25857711F8E49240003A056 /* Sources */ = {
			isa = PBXSourcesBuildPhase;
			buildActionMask = 2147483647;
			files = (
				F2C5EC011F8E786C00729E02 /* overlayPlane.swift in Sources */,
				F25857791F8E49240003A056 /* AppDelegate.swift in Sources */,
				F2C5EC051F8E816200729E02 /* ARViewController.swift in Sources */,
			);
			runOnlyForDeploymentPostprocessing = 0;
		};
/* End PBXSourcesBuildPhase section */

/* Begin PBXVariantGroup section */
		F258577E1F8E49240003A056 /* Main.storyboard */ = {
			isa = PBXVariantGroup;
			children = (
				F258577F1F8E49240003A056 /* Base */,
			);
			name = Main.storyboard;
			sourceTree = "<group>";
		};
		F25857831F8E49240003A056 /* LaunchScreen.storyboard */ = {
			isa = PBXVariantGroup;
			children = (
				F25857841F8E49240003A056 /* Base */,
			);
			name = LaunchScreen.storyboard;
			sourceTree = "<group>";
		};
/* End PBXVariantGroup section */

/* Begin XCBuildConfiguration section */
		F25857871F8E49240003A056 /* Debug */ = {
			isa = XCBuildConfiguration;
			buildSettings = {
				ALWAYS_SEARCH_USER_PATHS = NO;
				CLANG_ANALYZER_NONNULL = YES;
				CLANG_ANALYZER_NUMBER_OBJECT_CONVERSION = YES_AGGRESSIVE;
				CLANG_CXX_LANGUAGE_STANDARD = "gnu++14";
				CLANG_CXX_LIBRARY = "libc++";
				CLANG_ENABLE_MODULES = YES;
				CLANG_ENABLE_OBJC_ARC = YES;
				CLANG_WARN_BLOCK_CAPTURE_AUTORELEASING = YES;
				CLANG_WARN_BOOL_CONVERSION = YES;
				CLANG_WARN_COMMA = YES;
				CLANG_WARN_CONSTANT_CONVERSION = YES;
				CLANG_WARN_DIRECT_OBJC_ISA_USAGE = YES_ERROR;
				CLANG_WARN_DOCUMENTATION_COMMENTS = YES;
				CLANG_WARN_EMPTY_BODY = YES;
				CLANG_WARN_ENUM_CONVERSION = YES;
				CLANG_WARN_INFINITE_RECURSION = YES;
				CLANG_WARN_INT_CONVERSION = YES;
				CLANG_WARN_NON_LITERAL_NULL_CONVERSION = YES;
				CLANG_WARN_OBJC_LITERAL_CONVERSION = YES;
				CLANG_WARN_OBJC_ROOT_CLASS = YES_ERROR;
				CLANG_WARN_RANGE_LOOP_ANALYSIS = YES;
				CLANG_WARN_STRICT_PROTOTYPES = YES;
				CLANG_WARN_SUSPICIOUS_MOVE = YES;
				CLANG_WARN_UNGUARDED_AVAILABILITY = YES_AGGRESSIVE;
				CLANG_WARN_UNREACHABLE_CODE = YES;
				CLANG_WARN__DUPLICATE_METHOD_MATCH = YES;
				CODE_SIGN_IDENTITY = "iPhone Developer";
				COPY_PHASE_STRIP = NO;
				DEBUG_INFORMATION_FORMAT = dwarf;
				ENABLE_STRICT_OBJC_MSGSEND = YES;
				ENABLE_TESTABILITY = YES;
				GCC_C_LANGUAGE_STANDARD = gnu11;
				GCC_DYNAMIC_NO_PIC = NO;
				GCC_NO_COMMON_BLOCKS = YES;
				GCC_OPTIMIZATION_LEVEL = 0;
				GCC_PREPROCESSOR_DEFINITIONS = (
					"DEBUG=1",
					"$(inherited)",
				);
				GCC_WARN_64_TO_32_BIT_CONVERSION = YES;
				GCC_WARN_ABOUT_RETURN_TYPE = YES_ERROR;
				GCC_WARN_UNDECLARED_SELECTOR = YES;
				GCC_WARN_UNINITIALIZED_AUTOS = YES_AGGRESSIVE;
				GCC_WARN_UNUSED_FUNCTION = YES;
				GCC_WARN_UNUSED_VARIABLE = YES;
				IPHONEOS_DEPLOYMENT_TARGET = 11.0;
				MTL_ENABLE_DEBUG_INFO = YES;
				ONLY_ACTIVE_ARCH = YES;
				SDKROOT = iphoneos;
				SWIFT_ACTIVE_COMPILATION_CONDITIONS = DEBUG;
				SWIFT_OPTIMIZATION_LEVEL = "-Onone";
			};
			name = Debug;
		};
		F25857881F8E49240003A056 /* Release */ = {
			isa = XCBuildConfiguration;
			buildSettings = {
				ALWAYS_SEARCH_USER_PATHS = NO;
				CLANG_ANALYZER_NONNULL = YES;
				CLANG_ANALYZER_NUMBER_OBJECT_CONVERSION = YES_AGGRESSIVE;
				CLANG_CXX_LANGUAGE_STANDARD = "gnu++14";
				CLANG_CXX_LIBRARY = "libc++";
				CLANG_ENABLE_MODULES = YES;
				CLANG_ENABLE_OBJC_ARC = YES;
				CLANG_WARN_BLOCK_CAPTURE_AUTORELEASING = YES;
				CLANG_WARN_BOOL_CONVERSION = YES;
				CLANG_WARN_COMMA = YES;
				CLANG_WARN_CONSTANT_CONVERSION = YES;
				CLANG_WARN_DIRECT_OBJC_ISA_USAGE = YES_ERROR;
				CLANG_WARN_DOCUMENTATION_COMMENTS = YES;
				CLANG_WARN_EMPTY_BODY = YES;
				CLANG_WARN_ENUM_CONVERSION = YES;
				CLANG_WARN_INFINITE_RECURSION = YES;
				CLANG_WARN_INT_CONVERSION = YES;
				CLANG_WARN_NON_LITERAL_NULL_CONVERSION = YES;
				CLANG_WARN_OBJC_LITERAL_CONVERSION = YES;
				CLANG_WARN_OBJC_ROOT_CLASS = YES_ERROR;
				CLANG_WARN_RANGE_LOOP_ANALYSIS = YES;
				CLANG_WARN_STRICT_PROTOTYPES = YES;
				CLANG_WARN_SUSPICIOUS_MOVE = YES;
				CLANG_WARN_UNGUARDED_AVAILABILITY = YES_AGGRESSIVE;
				CLANG_WARN_UNREACHABLE_CODE = YES;
				CLANG_WARN__DUPLICATE_METHOD_MATCH = YES;
				CODE_SIGN_IDENTITY = "iPhone Developer";
				COPY_PHASE_STRIP = NO;
				DEBUG_INFORMATION_FORMAT = "dwarf-with-dsym";
				ENABLE_NS_ASSERTIONS = NO;
				ENABLE_STRICT_OBJC_MSGSEND = YES;
				GCC_C_LANGUAGE_STANDARD = gnu11;
				GCC_NO_COMMON_BLOCKS = YES;
				GCC_WARN_64_TO_32_BIT_CONVERSION = YES;
				GCC_WARN_ABOUT_RETURN_TYPE = YES_ERROR;
				GCC_WARN_UNDECLARED_SELECTOR = YES;
				GCC_WARN_UNINITIALIZED_AUTOS = YES_AGGRESSIVE;
				GCC_WARN_UNUSED_FUNCTION = YES;
				GCC_WARN_UNUSED_VARIABLE = YES;
				IPHONEOS_DEPLOYMENT_TARGET = 11.0;
				MTL_ENABLE_DEBUG_INFO = NO;
				SDKROOT = iphoneos;
				SWIFT_OPTIMIZATION_LEVEL = "-Owholemodule";
				VALIDATE_PRODUCT = YES;
			};
			name = Release;
		};
		F258578A1F8E49240003A056 /* Debug */ = {
			isa = XCBuildConfiguration;
			buildSettings = {
				ASSETCATALOG_COMPILER_APPICON_NAME = AppIcon;
				CODE_SIGN_STYLE = Automatic;
				DEVELOPMENT_TEAM = SUBZ24DP5B;
				INFOPLIST_FILE = place3dobject/Info.plist;
				LD_RUNPATH_SEARCH_PATHS = "$(inherited) @executable_path/Frameworks";
				PRODUCT_BUNDLE_IDENTIFIER = com.perception.place3dobject;
				PRODUCT_NAME = "$(TARGET_NAME)";
				SWIFT_VERSION = 4.0;
				TARGETED_DEVICE_FAMILY = "1,2";
			};
			name = Debug;
		};
		F258578B1F8E49240003A056 /* Release */ = {
			isa = XCBuildConfiguration;
			buildSettings = {
				ASSETCATALOG_COMPILER_APPICON_NAME = AppIcon;
				CODE_SIGN_STYLE = Automatic;
				DEVELOPMENT_TEAM = SUBZ24DP5B;
				INFOPLIST_FILE = place3dobject/Info.plist;
				LD_RUNPATH_SEARCH_PATHS = "$(inherited) @executable_path/Frameworks";
				PRODUCT_BUNDLE_IDENTIFIER = com.perception.place3dobject;
				PRODUCT_NAME = "$(TARGET_NAME)";
				SWIFT_VERSION = 4.0;
				TARGETED_DEVICE_FAMILY = "1,2";
			};
			name = Release;
		};
/* End XCBuildConfiguration section */

/* Begin XCConfigurationList section */
		F25857701F8E49240003A056 /* Build configuration list for PBXProject "place3dobject" */ = {
			isa = XCConfigurationList;
			buildConfigurations = (
				F25857871F8E49240003A056 /* Debug */,
				F25857881F8E49240003A056 /* Release */,
			);
			defaultConfigurationIsVisible = 0;
			defaultConfigurationName = Release;
		};
		F25857891F8E49240003A056 /* Build configuration list for PBXNativeTarget "place3dobject" */ = {
			isa = XCConfigurationList;
			buildConfigurations = (
				F258578A1F8E49240003A056 /* Debug */,
				F258578B1F8E49240003A056 /* Release */,
			);
			defaultConfigurationIsVisible = 0;
			defaultConfigurationName = Release;
		};
/* End XCConfigurationList section */
	};
	rootObject = F258576D1F8E49240003A056 /* Project object */;
}
